{
  "name": "@dr-cli-dev/core",
  "version": "1.0.3",
  "lockfileVersion": 2,
  "requires": true,
  "packages": {
    "": {
      "name": "@dr-cli-dev/core",
      "version": "1.0.2",
      "license": "ISC",
      "dependencies": {
        "@dr-cli-dev/utils": "file:../utils/utils"
      }
    },
    "../utils/utils": {},
    "node_modules/@dr-cli-dev/utils": {
      "resolved": "../utils/utils",
      "link": true
    }
  },
  "dependencies": {
    "@dr-cli-dev/utils": {
      "version": "file:../utils/utils"
    }
  }
}
